
Microsoft Visual Studio Solution File, Format Version 12.00
# Visual Studio Version 17
VisualStudioVersion = 17.0.31903.59
MinimumVisualStudioVersion = 10.0.40219.1
Project("{2150E333-8FDC-42A3-9474-1A3956D46DE8}") = "backend", "backend", "{1AE8ACA6-933B-BF2A-3671-3E2EAC007D16}"
EndProject
Project("{2150E333-8FDC-42A3-9474-1A3956D46DE8}") = "src", "src", "{0F9113EE-888A-26D2-68B0-4A7D0A2A8745}"
EndProject
Project("{FAE04EC0-301F-11D3-BF4B-00C04F79EFBC}") = "PackControl.Api", "backend\src\PackControl.Api\PackControl.Api.csproj", "{F6961CC9-F2C3-49EA-B831-EB7C5557F21A}"
EndProject
Project("{FAE04EC0-301F-11D3-BF4B-00C04F79EFBC}") = "PackControl.Application", "backend\src\PackControl.Application\PackControl.Application.csproj", "{B0630123-464D-4FF4-86FE-031A3F6F7CAA}"
EndProject
Project("{FAE04EC0-301F-11D3-BF4B-00C04F79EFBC}") = "PackControl.Domain", "backend\src\PackControl.Domain\PackControl.Domain.csproj", "{2B32E655-2FA9-46DA-AFAC-C6C94CA43B47}"
EndProject
Project("{FAE04EC0-301F-11D3-BF4B-00C04F79EFBC}") = "PackControl.Infrastructure", "backend\src\PackControl.Infrastructure\PackControl.Infrastructure.csproj", "{D0B887CF-D019-4B70-9762-265FCF0271DA}"
EndProject
Project("{FAE04EC0-301F-11D3-BF4B-00C04F79EFBC}") = "PackControl.Contracts", "shared\PackControl.Contracts\PackControl.Contracts.csproj", "{FF13DA41-CAAD-447B-8017-2D724E550C2F}"
EndProject
Project("{FAE04EC0-301F-11D3-BF4B-00C04F79EFBC}") = "PackControl.Edge", "edge\src\PackControl.Edge\PackControl.Edge.csproj", "{619E8FCB-5FE4-407F-97B0-88AC51172831}"
EndProject
Project("{FAE04EC0-301F-11D3-BF4B-00C04F79EFBC}") = "PackControl.Domain.Tests", "backend\tests\PackControl.Domain.Tests\PackControl.Domain.Tests.csproj", "{033B87F5-23A2-487D-86F7-58AED34378F3}"
EndProject
Project("{FAE04EC0-301F-11D3-BF4B-00C04F79EFBC}") = "PackControl.Api.Tests", "backend\tests\PackControl.Api.Tests\PackControl.Api.Tests.csproj", "{42329B0D-B2A8-466B-9628-FFCF6962BB63}"
EndProject
Global
	GlobalSection(SolutionConfigurationPlatforms) = preSolution
		Debug|Any CPU = Debug|Any CPU
		Debug|x64 = Debug|x64
		Debug|x86 = Debug|x86
		Release|Any CPU = Release|Any CPU
		Release|x64 = Release|x64
		Release|x86 = Release|x86
	EndGlobalSection
	GlobalSection(ProjectConfigurationPlatforms) = postSolution
		{F6961CC9-F2C3-49EA-B831-EB7C5557F21A}.Debug|Any CPU.ActiveCfg = Debug|Any CPU
		{F6961CC9-F2C3-49EA-B831-EB7C5557F21A}.Debug|Any CPU.Build.0 = Debug|Any CPU
		{F6961CC9-F2C3-49EA-B831-EB7C5557F21A}.Debug|x64.ActiveCfg = Debug|Any CPU
		{F6961CC9-F2C3-49EA-B831-EB7C5557F21A}.Debug|x64.Build.0 = Debug|Any CPU
		{F6961CC9-F2C3-49EA-B831-EB7C5557F21A}.Debug|x86.ActiveCfg = Debug|Any CPU
		{F6961CC9-F2C3-49EA-B831-EB7C5557F21A}.Debug|x86.Build.0 = Debug|Any CPU
		{F6961CC9-F2C3-49EA-B831-EB7C5557F21A}.Release|Any CPU.ActiveCfg = Release|Any CPU
		{F6961CC9-F2C3-49EA-B831-EB7C5557F21A}.Release|Any CPU.Build.0 = Release|Any CPU
		{F6961CC9-F2C3-49EA-B831-EB7C5557F21A}.Release|x64.ActiveCfg = Release|Any CPU
		{F6961CC9-F2C3-49EA-B831-EB7C5557F21A}.Release|x64.Build.0 = Release|Any CPU
		{F6961CC9-F2C3-49EA-B831-EB7C5557F21A}.Release|x86.ActiveCfg = Release|Any CPU
		{F6961CC9-F2C3-49EA-B831-EB7C5557F21A}.Release|x86.Build.0 = Release|Any CPU
		{B0630123-464D-4FF4-86FE-031A3F6F7CAA}.Debug|Any CPU.ActiveCfg = Debug|Any CPU
		{B0630123-464D-4FF4-86FE-031A3F6F7CAA}.Debug|Any CPU.Build.0 = Debug|Any CPU
		{B0630123-464D-4FF4-86FE-031A3F6F7CAA}.Debug|x64.ActiveCfg = Debug|Any CPU
		{B0630123-464D-4FF4-86FE-031A3F6F7CAA}.Debug|x64.Build.0 = Debug|Any CPU
		{B0630123-464D-4FF4-86FE-031A3F6F7CAA}.Debug|x86.ActiveCfg = Debug|Any CPU
		{B0630123-464D-4FF4-86FE-031A3F6F7CAA}.Debug|x86.Build.0 = Debug|Any CPU
		{B0630123-464D-4FF4-86FE-031A3F6F7CAA}.Release|Any CPU.ActiveCfg = Release|Any CPU
		{B0630123-464D-4FF4-86FE-031A3F6F7CAA}.Release|Any CPU.Build.0 = Release|Any CPU
		{B0630123-464D-4FF4-86FE-031A3F6F7CAA}.Release|x64.ActiveCfg = Release|Any CPU
		{B0630123-464D-4FF4-86FE-031A3F6F7CAA}.Release|x64.Build.0 = Release|Any CPU
		{B0630123-464D-4FF4-86FE-031A3F6F7CAA}.Release|x86.ActiveCfg = Release|Any CPU
		{B0630123-464D-4FF4-86FE-031A3F6F7CAA}.Release|x86.Build.0 = Release|Any CPU
		{2B32E655-2FA9-46DA-AFAC-C6C94CA43B47}.Debug|Any CPU.ActiveCfg = Debug|Any CPU
		{2B32E655-2FA9-46DA-AFAC-C6C94CA43B47}.Debug|Any CPU.Build.0 = Debug|Any CPU
		{2B32E655-2FA9-46DA-AFAC-C6C94CA43B47}.Debug|x64.ActiveCfg = Debug|Any CPU
		{2B32E655-2FA9-46DA-AFAC-C6C94CA43B47}.Debug|x64.Build.0 = Debug|Any CPU
		{2B32E655-2FA9-46DA-AFAC-C6C94CA43B47}.Debug|x86.ActiveCfg = Debug|Any CPU
		{2B32E655-2FA9-46DA-AFAC-C6C94CA43B47}.Debug|x86.Build.0 = Debug|Any CPU
		{2B32E655-2FA9-46DA-AFAC-C6C94CA43B47}.Release|Any CPU.ActiveCfg = Release|Any CPU
		{2B32E655-2FA9-46DA-AFAC-C6C94CA43B47}.Release|Any CPU.Build.0 = Release|Any CPU
		{2B32E655-2FA9-46DA-AFAC-C6C94CA43B47}.Release|x64.ActiveCfg = Release|Any CPU
		{2B32E655-2FA9-46DA-AFAC-C6C94CA43B47}.Release|x64.Build.0 = Release|Any CPU
		{2B32E655-2FA9-46DA-AFAC-C6C94CA43B47}.Release|x86.ActiveCfg = Release|Any CPU
		{2B32E655-2FA9-46DA-AFAC-C6C94CA43B47}.Release|x86.Build.0 = Release|Any CPU
		{D0B887CF-D019-4B70-9762-265FCF0271DA}.Debug|Any CPU.ActiveCfg = Debug|Any CPU
		{D0B887CF-D019-4B70-9762-265FCF0271DA}.Debug|Any CPU.Build.0 = Debug|Any CPU
		{D0B887CF-D019-4B70-9762-265FCF0271DA}.Debug|x64.ActiveCfg = Debug|Any CPU
		{D0B887CF-D019-4B70-9762-265FCF0271DA}.Debug|x64.Build.0 = Debug|Any CPU
		{D0B887CF-D019-4B70-9762-265FCF0271DA}.Debug|x86.ActiveCfg = Debug|Any CPU
		{D0B887CF-D019-4B70-9762-265FCF0271DA}.Debug|x86.Build.0 = Debug|Any CPU
		{D0B887CF-D019-4B70-9762-265FCF0271DA}.Release|Any CPU.ActiveCfg = Release|Any CPU
		{D0B887CF-D019-4B70-9762-265FCF0271DA}.Release|Any CPU.Build.0 = Release|Any CPU
		{D0B887CF-D019-4B70-9762-265FCF0271DA}.Release|x64.ActiveCfg = Release|Any CPU
		{D0B887CF-D019-4B70-9762-265FCF0271DA}.Release|x64.Build.0 = Release|Any CPU
		{D0B887CF-D019-4B70-9762-265FCF0271DA}.Release|x86.ActiveCfg = Release|Any CPU
		{D0B887CF-D019-4B70-9762-265FCF0271DA}.Release|x86.Build.0 = Release|Any CPU
		{FF13DA41-CAAD-447B-8017-2D724E550C2F}.Debug|Any CPU.ActiveCfg = Debug|Any CPU
		{FF13DA41-CAAD-447B-8017-2D724E550C2F}.Debug|Any CPU.Build.0 = Debug|Any CPU
		{FF13DA41-CAAD-447B-8017-2D724E550C2F}.Debug|x64.ActiveCfg = Debug|Any CPU
		{FF13DA41-CAAD-447B-8017-2D724E550C2F}.Debug|x64.Build.0 = Debug|Any CPU
		{FF13DA41-CAAD-447B-8017-2D724E550C2F}.Debug|x86.ActiveCfg = Debug|Any CPU
		{FF13DA41-CAAD-447B-8017-2D724E550C2F}.Debug|x86.Build.0 = Debug|Any CPU
		{FF13DA41-CAAD-447B-8017-2D724E550C2F}.Release|Any CPU.ActiveCfg = Release|Any CPU
		{FF13DA41-CAAD-447B-8017-2D724E550C2F}.Release|Any CPU.Build.0 = Release|Any CPU
		{FF13DA41-CAAD-447B-8017-2D724E550C2F}.Release|x64.ActiveCfg = Release|Any CPU
		{FF13DA41-CAAD-447B-8017-2D724E550C2F}.Release|x64.Build.0 = Release|Any CPU
		{FF13DA41-CAAD-447B-8017-2D724E550C2F}.Release|x86.ActiveCfg = Release|Any CPU
		{FF13DA41-CAAD-447B-8017-2D724E550C2F}.Release|x86.Build.0 = Release|Any CPU
		{619E8FCB-5FE4-407F-97B0-88AC51172831}.Debug|Any CPU.ActiveCfg = Debug|Any CPU
		{619E8FCB-5FE4-407F-97B0-88AC51172831}.Debug|Any CPU.Build.0 = Debug|Any CPU
		{619E8FCB-5FE4-407F-97B0-88AC51172831}.Debug|x64.ActiveCfg = Debug|Any CPU
		{619E8FCB-5FE4-407F-97B0-88AC51172831}.Debug|x64.Build.0 = Debug|Any CPU
		{619E8FCB-5FE4-407F-97B0-88AC51172831}.Debug|x86.ActiveCfg = Debug|Any CPU
		{619E8FCB-5FE4-407F-97B0-88AC51172831}.Debug|x86.Build.0 = Debug|Any CPU
		{619E8FCB-5FE4-407F-97B0-88AC51172831}.Release|Any CPU.ActiveCfg = Release|Any CPU
		{619E8FCB-5FE4-407F-97B0-88AC51172831}.Release|Any CPU.Build.0 = Release|Any CPU
		{619E8FCB-5FE4-407F-97B0-88AC51172831}.Release|x64.ActiveCfg = Release|Any CPU
		{619E8FCB-5FE4-407F-97B0-88AC51172831}.Release|x64.Build.0 = Release|Any CPU
		{619E8FCB-5FE4-407F-97B0-88AC51172831}.Release|x86.ActiveCfg = Release|Any CPU
		{619E8FCB-5FE4-407F-97B0-88AC51172831}.Release|x86.Build.0 = Release|Any CPU
		{033B87F5-23A2-487D-86F7-58AED34378F3}.Debug|Any CPU.ActiveCfg = Debug|Any CPU
		{033B87F5-23A2-487D-86F7-58AED34378F3}.Debug|Any CPU.Build.0 = Debug|Any CPU
		{033B87F5-23A2-487D-86F7-58AED34378F3}.Debug|x64.ActiveCfg = Debug|Any CPU
		{033B87F5-23A2-487D-86F7-58AED34378F3}.Debug|x64.Build.0 = Debug|Any CPU
		{033B87F5-23A2-487D-86F7-58AED34378F3}.Debug|x86.ActiveCfg = Debug|Any CPU
		{033B87F5-23A2-487D-86F7-58AED34378F3}.Debug|x86.Build.0 = Debug|Any CPU
		{033B87F5-23A2-487D-86F7-58AED34378F3}.Release|Any CPU.ActiveCfg = Release|Any CPU
		{033B87F5-23A2-487D-86F7-58AED34378F3}.Release|Any CPU.Build.0 = Release|Any CPU
		{033B87F5-23A2-487D-86F7-58AED34378F3}.Release|x64.ActiveCfg = Release|Any CPU
		{033B87F5-23A2-487D-86F7-58AED34378F3}.Release|x64.Build.0 = Release|Any CPU
		{033B87F5-23A2-487D-86F7-58AED34378F3}.Release|x86.ActiveCfg = Release|Any CPU
		{033B87F5-23A2-487D-86F7-58AED34378F3}.Release|x86.Build.0 = Release|Any CPU
		{42329B0D-B2A8-466B-9628-FFCF6962BB63}.Debug|Any CPU.ActiveCfg = Debug|Any CPU
		{42329B0D-B2A8-466B-9628-FFCF6962BB63}.Debug|Any CPU.Build.0 = Debug|Any CPU
		{42329B0D-B2A8-466B-9628-FFCF6962BB63}.Debug|x64.ActiveCfg = Debug|Any CPU
		{42329B0D-B2A8-466B-9628-FFCF6962BB63}.Debug|x64.Build.0 = Debug|Any CPU
		{42329B0D-B2A8-466B-9628-FFCF6962BB63}.Debug|x86.ActiveCfg = Debug|Any CPU
		{42329B0D-B2A8-466B-9628-FFCF6962BB63}.Debug|x86.Build.0 = Debug|Any CPU
		{42329B0D-B2A8-466B-9628-FFCF6962BB63}.Release|Any CPU.ActiveCfg = Release|Any CPU
		{42329B0D-B2A8-466B-9628-FFCF6962BB63}.Release|Any CPU.Build.0 = Release|Any CPU
		{42329B0D-B2A8-466B-9628-FFCF6962BB63}.Release|x64.ActiveCfg = Release|Any CPU
		{42329B0D-B2A8-466B-9628-FFCF6962BB63}.Release|x64.Build.0 = Release|Any CPU
		{42329B0D-B2A8-466B-9628-FFCF6962BB63}.Release|x86.ActiveCfg = Release|Any CPU
		{42329B0D-B2A8-466B-9628-FFCF6962BB63}.Release|x86.Build.0 = Release|Any CPU
	EndGlobalSection
	GlobalSection(SolutionProperties) = preSolution
		HideSolutionNode = FALSE
	EndGlobalSection
	GlobalSection(NestedProjects) = preSolution
		{0F9113EE-888A-26D2-68B0-4A7D0A2A8745} = {1AE8ACA6-933B-BF2A-3671-3E2EAC007D16}
		{F6961CC9-F2C3-49EA-B831-EB7C5557F21A} = {0F9113EE-888A-26D2-68B0-4A7D0A2A8745}
		{B0630123-464D-4FF4-86FE-031A3F6F7CAA} = {0F9113EE-888A-26D2-68B0-4A7D0A2A8745}
		{2B32E655-2FA9-46DA-AFAC-C6C94CA43B47} = {0F9113EE-888A-26D2-68B0-4A7D0A2A8745}
		{D0B887CF-D019-4B70-9762-265FCF0271DA} = {0F9113EE-888A-26D2-68B0-4A7D0A2A8745}
		{FF13DA41-CAAD-447B-8017-2D724E550C2F} = {0F9113EE-888A-26D2-68B0-4A7D0A2A8745}
		{619E8FCB-5FE4-407F-97B0-88AC51172831} = {0F9113EE-888A-26D2-68B0-4A7D0A2A8745}
		{033B87F5-23A2-487D-86F7-58AED34378F3} = {0F9113EE-888A-26D2-68B0-4A7D0A2A8745}
		{42329B0D-B2A8-466B-9628-FFCF6962BB63} = {0F9113EE-888A-26D2-68B0-4A7D0A2A8745}
	EndGlobalSection
EndGlobal
